
Microsoft Visual Studio Solution File, Format Version 12.00
# Visual Studio Version 17
VisualStudioVersion = 17.11.35312.102
MinimumVisualStudioVersion = 10.0.40219.1
Project("{2150E333-8FDC-42A3-9474-1A3956D46DE8}") = "Task0", "Task0", "{1C59076F-0A28-40E1-A510-0177848AEAF5}"
EndProject
Project("{9A19103F-16F7-4668-BE54-9A1E7A4F7556}") = "Tyuiu.KonevaDD.Sprint3.Task0.V8", "Tyuiu.KonevaDD.Sprint3.Task0.V8\Tyuiu.KonevaDD.Sprint3.Task0.V8.csproj", "{683C5C77-0506-4915-BFA8-40385730C63C}"
EndProject
Project("{9A19103F-16F7-4668-BE54-9A1E7A4F7556}") = "Tyuiu.KonevaDD.Sprint3.Task0.V8.Lib", "Tyuiu.KonevaDD.Sprint3.Task0.V8.Lib\Tyuiu.KonevaDD.Sprint3.Task0.V8.Lib.csproj", "{4CFA9DB4-51F4-4526-A5E8-237EABEA11FD}"
EndProject
Project("{9A19103F-16F7-4668-BE54-9A1E7A4F7556}") = "Tyuiu.KonevaDD.Sprint3.Task0.V8.Test", "Tyuiu.KonevaDD.Sprint3.Task0.V8.Test\Tyuiu.KonevaDD.Sprint3.Task0.V8.Test.csproj", "{4AA33997-1EDB-4226-8B83-8719949C765D}"
EndProject
Project("{2150E333-8FDC-42A3-9474-1A3956D46DE8}") = "Task1", "Task1", "{4B97D4B7-BDD3-4627-96E6-2B885CA861EA}"
EndProject
Project("{9A19103F-16F7-4668-BE54-9A1E7A4F7556}") = "Tyuiu.KonevaDD.Sprint3.Task1.V28", "Tyuiu.KonevaDD.Sprint3.Task1.V28\Tyuiu.KonevaDD.Sprint3.Task1.V28.csproj", "{F0BA2C8A-17D3-4608-8540-B3FF3D3D9B50}"
EndProject
Project("{9A19103F-16F7-4668-BE54-9A1E7A4F7556}") = "Tyuiu.KonevaDD.Sprint3.Task1.V28.Lib", "Tyuiu.KonevaDD.Sprint3.Task1.V28.Lib\Tyuiu.KonevaDD.Sprint3.Task1.V28.Lib.csproj", "{477934AF-E1E6-4355-81A1-1616E644C238}"
EndProject
Project("{9A19103F-16F7-4668-BE54-9A1E7A4F7556}") = "Tyuiu.KonevaDD.Sprint3.Task1.V28.Test", "Tyuiu.KonevaDD.Sprint3.Task1.V28.Test\Tyuiu.KonevaDD.Sprint3.Task1.V28.Test.csproj", "{68FBA8E3-762F-4219-A9CE-0E99B95371A1}"
EndProject
Project("{2150E333-8FDC-42A3-9474-1A3956D46DE8}") = "Task2", "Task2", "{36B6FAED-18B1-47F3-A082-C1D6F62AC120}"
EndProject
Project("{9A19103F-16F7-4668-BE54-9A1E7A4F7556}") = "Tyuiu.KonevaDD.Sprint3.Task2.V26", "Tyuiu.KonevaDD.Sprint3.Task2.V26\Tyuiu.KonevaDD.Sprint3.Task2.V26.csproj", "{D41D92DF-01FA-4FBB-A1F1-D5034404ADFE}"
EndProject
Project("{9A19103F-16F7-4668-BE54-9A1E7A4F7556}") = "Tyuiu.KonevaDD.Sprint3.Task2.V26.Lib", "Tyuiu.KonevaDD.Sprint3.Task2.V26.Lib\Tyuiu.KonevaDD.Sprint3.Task2.V26.Lib.csproj", "{CA8E98CE-9637-45C5-9551-B2A5F6066E37}"
EndProject
Project("{9A19103F-16F7-4668-BE54-9A1E7A4F7556}") = "Tyuiu.KonevaDD.Sprint3.Task2.V26.Test", "Tyuiu.KonevaDD.Sprint3.Task2.V26.Test\Tyuiu.KonevaDD.Sprint3.Task2.V26.Test.csproj", "{C17FA097-2979-4BCD-B216-C9AE4FD1D052}"
EndProject
Project("{2150E333-8FDC-42A3-9474-1A3956D46DE8}") = "Task3", "Task3", "{FA4FB4B7-1571-4758-93C9-813AD541A3D7}"
EndProject
Project("{FAE04EC0-301F-11D3-BF4B-00C04F79EFBC}") = "Tyuiu.KonevaDD.Sprint3.Task3.V16", "Tyuiu.KonevaDD.Sprint3.Task3.V16\Tyuiu.KonevaDD.Sprint3.Task3.V16.csproj", "{8537239C-87CC-4DF8-8A3E-4B2F2E10EE4D}"
EndProject
Project("{FAE04EC0-301F-11D3-BF4B-00C04F79EFBC}") = "Tyuiu.KonevaDD.Sprint3.Task3.V16.Lib", "Tyuiu.KonevaDD.Sprint3.Task3.V16.Lib\Tyuiu.KonevaDD.Sprint3.Task3.V16.Lib.csproj", "{8B245F70-B23A-494A-993F-9F2E75EC08D7}"
EndProject
Project("{FAE04EC0-301F-11D3-BF4B-00C04F79EFBC}") = "Tyuiu.KonevaDD.Sprint3.Task3.V16.Test", "Tyuiu.KonevaDD.Sprint3.Task3.V16.Test\Tyuiu.KonevaDD.Sprint3.Task3.V16.Test.csproj", "{A07E09C5-B0D8-4763-8465-F084164C9C93}"
EndProject
Global
	GlobalSection(SolutionConfigurationPlatforms) = preSolution
		Debug|Any CPU = Debug|Any CPU
		Release|Any CPU = Release|Any CPU
	EndGlobalSection
	GlobalSection(ProjectConfigurationPlatforms) = postSolution
		{683C5C77-0506-4915-BFA8-40385730C63C}.Debug|Any CPU.ActiveCfg = Debug|Any CPU
		{683C5C77-0506-4915-BFA8-40385730C63C}.Debug|Any CPU.Build.0 = Debug|Any CPU
		{683C5C77-0506-4915-BFA8-40385730C63C}.Release|Any CPU.ActiveCfg = Release|Any CPU
		{683C5C77-0506-4915-BFA8-40385730C63C}.Release|Any CPU.Build.0 = Release|Any CPU
		{4CFA9DB4-51F4-4526-A5E8-237EABEA11FD}.Debug|Any CPU.ActiveCfg = Debug|Any CPU
		{4CFA9DB4-51F4-4526-A5E8-237EABEA11FD}.Debug|Any CPU.Build.0 = Debug|Any CPU
		{4CFA9DB4-51F4-4526-A5E8-237EABEA11FD}.Release|Any CPU.ActiveCfg = Release|Any CPU
		{4CFA9DB4-51F4-4526-A5E8-237EABEA11FD}.Release|Any CPU.Build.0 = Release|Any CPU
		{4AA33997-1EDB-4226-8B83-8719949C765D}.Debug|Any CPU.ActiveCfg = Debug|Any CPU
		{4AA33997-1EDB-4226-8B83-8719949C765D}.Debug|Any CPU.Build.0 = Debug|Any CPU
		{4AA33997-1EDB-4226-8B83-8719949C765D}.Release|Any CPU.ActiveCfg = Release|Any CPU
		{4AA33997-1EDB-4226-8B83-8719949C765D}.Release|Any CPU.Build.0 = Release|Any CPU
		{F0BA2C8A-17D3-4608-8540-B3FF3D3D9B50}.Debug|Any CPU.ActiveCfg = Debug|Any CPU
		{F0BA2C8A-17D3-4608-8540-B3FF3D3D9B50}.Debug|Any CPU.Build.0 = Debug|Any CPU
		{F0BA2C8A-17D3-4608-8540-B3FF3D3D9B50}.Release|Any CPU.ActiveCfg = Release|Any CPU
		{F0BA2C8A-17D3-4608-8540-B3FF3D3D9B50}.Release|Any CPU.Build.0 = Release|Any CPU
		{477934AF-E1E6-4355-81A1-1616E644C238}.Debug|Any CPU.ActiveCfg = Debug|Any CPU
		{477934AF-E1E6-4355-81A1-1616E644C238}.Debug|Any CPU.Build.0 = Debug|Any CPU
		{477934AF-E1E6-4355-81A1-1616E644C238}.Release|Any CPU.ActiveCfg = Release|Any CPU
		{477934AF-E1E6-4355-81A1-1616E644C238}.Release|Any CPU.Build.0 = Release|Any CPU
		{68FBA8E3-762F-4219-A9CE-0E99B95371A1}.Debug|Any CPU.ActiveCfg = Debug|Any CPU
		{68FBA8E3-762F-4219-A9CE-0E99B95371A1}.Debug|Any CPU.Build.0 = Debug|Any CPU
		{68FBA8E3-762F-4219-A9CE-0E99B95371A1}.Release|Any CPU.ActiveCfg = Release|Any CPU
		{68FBA8E3-762F-4219-A9CE-0E99B95371A1}.Release|Any CPU.Build.0 = Release|Any CPU
		{D41D92DF-01FA-4FBB-A1F1-D5034404ADFE}.Debug|Any CPU.ActiveCfg = Debug|Any CPU
		{D41D92DF-01FA-4FBB-A1F1-D5034404ADFE}.Debug|Any CPU.Build.0 = Debug|Any CPU
		{D41D92DF-01FA-4FBB-A1F1-D5034404ADFE}.Release|Any CPU.ActiveCfg = Release|Any CPU
		{D41D92DF-01FA-4FBB-A1F1-D5034404ADFE}.Release|Any CPU.Build.0 = Release|Any CPU
		{CA8E98CE-9637-45C5-9551-B2A5F6066E37}.Debug|Any CPU.ActiveCfg = Debug|Any CPU
		{CA8E98CE-9637-45C5-9551-B2A5F6066E37}.Debug|Any CPU.Build.0 = Debug|Any CPU
		{CA8E98CE-9637-45C5-9551-B2A5F6066E37}.Release|Any CPU.ActiveCfg = Release|Any CPU
		{CA8E98CE-9637-45C5-9551-B2A5F6066E37}.Release|Any CPU.Build.0 = Release|Any CPU
		{C17FA097-2979-4BCD-B216-C9AE4FD1D052}.Debug|Any CPU.ActiveCfg = Debug|Any CPU
		{C17FA097-2979-4BCD-B216-C9AE4FD1D052}.Debug|Any CPU.Build.0 = Debug|Any CPU
		{C17FA097-2979-4BCD-B216-C9AE4FD1D052}.Release|Any CPU.ActiveCfg = Release|Any CPU
		{C17FA097-2979-4BCD-B216-C9AE4FD1D052}.Release|Any CPU.Build.0 = Release|Any CPU
		{8537239C-87CC-4DF8-8A3E-4B2F2E10EE4D}.Debug|Any CPU.ActiveCfg = Debug|Any CPU
		{8537239C-87CC-4DF8-8A3E-4B2F2E10EE4D}.Debug|Any CPU.Build.0 = Debug|Any CPU
		{8537239C-87CC-4DF8-8A3E-4B2F2E10EE4D}.Release|Any CPU.ActiveCfg = Release|Any CPU
		{8537239C-87CC-4DF8-8A3E-4B2F2E10EE4D}.Release|Any CPU.Build.0 = Release|Any CPU
		{8B245F70-B23A-494A-993F-9F2E75EC08D7}.Debug|Any CPU.ActiveCfg = Debug|Any CPU
		{8B245F70-B23A-494A-993F-9F2E75EC08D7}.Debug|Any CPU.Build.0 = Debug|Any CPU
		{8B245F70-B23A-494A-993F-9F2E75EC08D7}.Release|Any CPU.ActiveCfg = Release|Any CPU
		{8B245F70-B23A-494A-993F-9F2E75EC08D7}.Release|Any CPU.Build.0 = Release|Any CPU
		{A07E09C5-B0D8-4763-8465-F084164C9C93}.Debug|Any CPU.ActiveCfg = Debug|Any CPU
		{A07E09C5-B0D8-4763-8465-F084164C9C93}.Debug|Any CPU.Build.0 = Debug|Any CPU
		{A07E09C5-B0D8-4763-8465-F084164C9C93}.Release|Any CPU.ActiveCfg = Release|Any CPU
		{A07E09C5-B0D8-4763-8465-F084164C9C93}.Release|Any CPU.Build.0 = Release|Any CPU
	EndGlobalSection
	GlobalSection(SolutionProperties) = preSolution
		HideSolutionNode = FALSE
	EndGlobalSection
	GlobalSection(NestedProjects) = preSolution
		{683C5C77-0506-4915-BFA8-40385730C63C} = {1C59076F-0A28-40E1-A510-0177848AEAF5}
		{4CFA9DB4-51F4-4526-A5E8-237EABEA11FD} = {1C59076F-0A28-40E1-A510-0177848AEAF5}
		{4AA33997-1EDB-4226-8B83-8719949C765D} = {1C59076F-0A28-40E1-A510-0177848AEAF5}
		{F0BA2C8A-17D3-4608-8540-B3FF3D3D9B50} = {4B97D4B7-BDD3-4627-96E6-2B885CA861EA}
		{477934AF-E1E6-4355-81A1-1616E644C238} = {4B97D4B7-BDD3-4627-96E6-2B885CA861EA}
		{68FBA8E3-762F-4219-A9CE-0E99B95371A1} = {4B97D4B7-BDD3-4627-96E6-2B885CA861EA}
		{D41D92DF-01FA-4FBB-A1F1-D5034404ADFE} = {36B6FAED-18B1-47F3-A082-C1D6F62AC120}
		{CA8E98CE-9637-45C5-9551-B2A5F6066E37} = {36B6FAED-18B1-47F3-A082-C1D6F62AC120}
		{C17FA097-2979-4BCD-B216-C9AE4FD1D052} = {36B6FAED-18B1-47F3-A082-C1D6F62AC120}
		{8537239C-87CC-4DF8-8A3E-4B2F2E10EE4D} = {FA4FB4B7-1571-4758-93C9-813AD541A3D7}
		{8B245F70-B23A-494A-993F-9F2E75EC08D7} = {FA4FB4B7-1571-4758-93C9-813AD541A3D7}
		{A07E09C5-B0D8-4763-8465-F084164C9C93} = {FA4FB4B7-1571-4758-93C9-813AD541A3D7}
	EndGlobalSection
	GlobalSection(ExtensibilityGlobals) = postSolution
		SolutionGuid = {6E28BC84-1871-49CD-84EB-A737D9286F0A}
	EndGlobalSection
EndGlobal
